{
  "name": "Main-Dev",
  "version": "1.0.0",
  "lockfileVersion": 1,
  "requires": true,
  "dependencies": {
    "accepts": {
      "version": "1.3.4",
      "resolved": "https://registry.npmjs.org/accepts/-/accepts-1.3.4.tgz",
      "integrity": "sha1-hiRnWMfdbSGmR0/whKR0DsBesh8=",
      "requires": {
        "mime-types": "2.1.17",
        "negotiator": "0.6.1"
      }
    },
    "array-flatten": {
      "version": "1.1.1",
      "resolved": "https://registry.npmjs.org/array-flatten/-/array-flatten-1.1.1.tgz",
      "integrity": "sha1-ml9pkFGx5wczKPKgCJaLZOopVdI="
    },
    "basic-auth": {
      "version": "2.0.0",
      "resolved": "https://registry.npmjs.org/basic-auth/-/basic-auth-2.0.0.tgz",
      "integrity": "sha1-AV2z81PgLlY3d1X5YnQuiYHnu7o=",
      "requires": {
        "safe-buffer": "5.1.1"
      }
    },
    "bignumber.js": {
      "version": "4.0.4",
      "resolved": "https://registry.npmjs.org/bignumber.js/-/bignumber.js-4.0.4.tgz",
      "integrity": "sha512-LDXpJKVzEx2/OqNbG9mXBNvHuiRL4PzHCGfnANHMJ+fv68Ads3exDVJeGDJws+AoNEuca93bU3q+S0woeUaCdg=="
    },
    "body-parser": {
      "version": "1.18.2",
      "resolved": "https://registry.npmjs.org/body-parser/-/body-parser-1.18.2.tgz",
      "integrity": "sha1-h2eKGdhLR9hZuDGZvVm84iKxBFQ=",
      "requires": {
        "bytes": "3.0.0",
        "content-type": "1.0.4",
        "debug": "2.6.9",
        "depd": "1.1.1",
        "http-errors": "1.6.2",
        "iconv-lite": "0.4.19",
        "on-finished": "2.3.0",
        "qs": "6.5.1",
        "raw-body": "2.3.2",
        "type-is": "1.6.15"
      }
    },
    "bytes": {
      "version": "3.0.0",
      "resolved": "https://registry.npmjs.org/bytes/-/bytes-3.0.0.tgz",
      "integrity": "sha1-0ygVQE1olpn4Wk6k+odV3ROpYEg="
    },
    "content-disposition": {
      "version": "0.5.2",
      "resolved": "https://registry.npmjs.org/content-disposition/-/content-disposition-0.5.2.tgz",
      "integrity": "sha1-DPaLud318r55YcOoUXjLhdunjLQ="
    },
    "content-type": {
      "version": "1.0.4",
      "resolved": "https://registry.npmjs.org/content-type/-/content-type-1.0.4.tgz",
      "integrity": "sha512-hIP3EEPs8tB9AT1L+NUqtwOAps4mk2Zob89MWXMHjHWg9milF/j4osnnQLXBCBFBk/tvIG/tUc9mOUJiPBhPXA=="
    },
    "cookie": {
      "version": "0.3.1",
      "resolved": "https://registry.npmjs.org/cookie/-/cookie-0.3.1.tgz",
      "integrity": "sha1-5+Ch+e9DtMi6klxcWpboBtFoc7s="
    },
    "cookie-signature": {
      "version": "1.0.6",
      "resolved": "https://registry.npmjs.org/cookie-signature/-/cookie-signature-1.0.6.tgz",
      "integrity": "sha1-4wOogrNCzD7oylE6eZmXNNqzriw="
    },
    "core-util-is": {
      "version": "1.0.2",
      "resolved": "https://registry.npmjs.org/core-util-is/-/core-util-is-1.0.2.tgz",
      "integrity": "sha1-tf1UIgqivFq1eqtxQMlAdUUDwac="
    },
    "crc": {
      "version": "3.4.4",
      "resolved": "https://registry.npmjs.org/crc/-/crc-3.4.4.tgz",
      "integrity": "sha1-naHpgOO9RPxck79as9ozeNheRms="
    },
    "crypto": {
      "version": "1.0.1",
      "resolved": "https://registry.npmjs.org/crypto/-/crypto-1.0.1.tgz",
      "integrity": "sha512-VxBKmeNcqQdiUQUW2Tzq0t377b54N2bMtXO/qiLa+6eRRmmC4qT3D4OnTGoT/U6O9aklQ/jTwbOtRMTTY8G0Ig=="
    },
    "debug": {
      "version": "2.6.9",
      "resolved": "https://registry.npmjs.org/debug/-/debug-2.6.9.tgz",
      "integrity": "sha512-bC7ElrdJaJnPbAP+1EotYvqZsb3ecl5wi6Bfi6BJTUcNowp6cvspg0jXznRTKDjm/E7AdgFBVeAPVMNcKGsHMA==",
      "requires": {
        "ms": "2.0.0"
      }
    },
    "depd": {
      "version": "1.1.1",
      "resolved": "https://registry.npmjs.org/depd/-/depd-1.1.1.tgz",
      "integrity": "sha1-V4O04cRZ8G+lyif5kfPQbnoxA1k="
    },
    "destroy": {
      "version": "1.0.4",
      "resolved": "https://registry.npmjs.org/destroy/-/destroy-1.0.4.tgz",
      "integrity": "sha1-l4hXRCxEdJ5CBmE+N5RiBYJqvYA="
    },
    "dotenv": {
      "version": "4.0.0",
      "resolved": "https://registry.npmjs.org/dotenv/-/dotenv-4.0.0.tgz",
      "integrity": "sha1-hk7xN5rO1Vzm+V3r7NzhefegzR0="
    },
    "ee-first": {
      "version": "1.1.1",
      "resolved": "https://registry.npmjs.org/ee-first/-/ee-first-1.1.1.tgz",
      "integrity": "sha1-WQxhFWsK4vTwJVcyoViyZrxWsh0="
    },
    "encodeurl": {
      "version": "1.0.1",
      "resolved": "https://registry.npmjs.org/encodeurl/-/encodeurl-1.0.1.tgz",
      "integrity": "sha1-eePVhlU0aQn+bw9Fpd5oEDspTSA="
    },
    "escape-html": {
      "version": "1.0.3",
      "resolved": "https://registry.npmjs.org/escape-html/-/escape-html-1.0.3.tgz",
      "integrity": "sha1-Aljq5NPQwJdN4cFpGI7wBR0dGYg="
    },
    "etag": {
      "version": "1.8.1",
      "resolved": "https://registry.npmjs.org/etag/-/etag-1.8.1.tgz",
      "integrity": "sha1-Qa4u62XvpiJorr/qg6x9eSmbCIc="
    },
    "express": {
      "version": "4.16.2",
      "resolved": "https://registry.npmjs.org/express/-/express-4.16.2.tgz",
      "integrity": "sha1-41xt/i1kt9ygpc1PIXgb4ymeB2w=",
      "requires": {
        "accepts": "1.3.4",
        "array-flatten": "1.1.1",
        "body-parser": "1.18.2",
        "content-disposition": "0.5.2",
        "content-type": "1.0.4",
        "cookie": "0.3.1",
        "cookie-signature": "1.0.6",
        "debug": "2.6.9",
        "depd": "1.1.1",
        "encodeurl": "1.0.1",
        "escape-html": "1.0.3",
        "etag": "1.8.1",
        "finalhandler": "1.1.0",
        "fresh": "0.5.2",
        "merge-descriptors": "1.0.1",
        "methods": "1.1.2",
        "on-finished": "2.3.0",
        "parseurl": "1.3.2",
        "path-to-regexp": "0.1.7",
        "proxy-addr": "2.0.2",
        "qs": "6.5.1",
        "range-parser": "1.2.0",
        "safe-buffer": "5.1.1",
        "send": "0.16.1",
        "serve-static": "1.13.1",
        "setprototypeof": "1.1.0",
        "statuses": "1.3.1",
        "type-is": "1.6.15",
        "utils-merge": "1.0.1",
        "vary": "1.1.2"
      }
    },
    "express-session": {
      "version": "1.15.6",
      "resolved": "https://registry.npmjs.org/express-session/-/express-session-1.15.6.tgz",
      "integrity": "sha512-r0nrHTCYtAMrFwZ0kBzZEXa1vtPVrw0dKvGSrKP4dahwBQ1BJpF2/y1Pp4sCD/0kvxV4zZeclyvfmw0B4RMJQA==",
      "requires": {
        "cookie": "0.3.1",
        "cookie-signature": "1.0.6",
        "crc": "3.4.4",
        "debug": "2.6.9",
        "depd": "1.1.1",
        "on-headers": "1.0.1",
        "parseurl": "1.3.2",
        "uid-safe": "2.1.5",
        "utils-merge": "1.0.1"
      }
    },
    "finalhandler": {
      "version": "1.1.0",
      "resolved": "https://registry.npmjs.org/finalhandler/-/finalhandler-1.1.0.tgz",
      "integrity": "sha1-zgtoVbRYU+eRsvzGgARtiCU91/U=",
      "requires": {
        "debug": "2.6.9",
        "encodeurl": "1.0.1",
        "escape-html": "1.0.3",
        "on-finished": "2.3.0",
        "parseurl": "1.3.2",
        "statuses": "1.3.1",
        "unpipe": "1.0.0"
      }
    },
    "formidable": {
      "version": "1.2.0",
      "resolved": "https://registry.npmjs.org/formidable/-/formidable-1.2.0.tgz",
      "integrity": "sha512-hr9aT30rAi7kf8Q2aaTpSP7xGMhlJ+MdrUDVZs3rxbD3L/K46A86s2VY7qC2D2kGYGBtiT/3j6wTx1eeUq5xAQ=="
    },
    "forwarded": {
      "version": "0.1.2",
      "resolved": "https://registry.npmjs.org/forwarded/-/forwarded-0.1.2.tgz",
      "integrity": "sha1-mMI9qxF1ZXuMBXPozszZGw/xjIQ="
    },
    "fresh": {
      "version": "0.5.2",
      "resolved": "https://registry.npmjs.org/fresh/-/fresh-0.5.2.tgz",
      "integrity": "sha1-PYyt2Q2XZWn6g1qx+OSyOhBWBac="
    },
    "fs": {
      "version": "0.0.1-security",
      "resolved": "https://registry.npmjs.org/fs/-/fs-0.0.1-security.tgz",
      "integrity": "sha1-invTcYa23d84E/I4WLV+yq9eQdQ="
    },
    "generate-password": {
      "version": "1.3.0",
      "resolved": "https://registry.npmjs.org/generate-password/-/generate-password-1.3.0.tgz",
      "integrity": "sha1-TaTBVFMNIcGZWneqxaPqBIgvyK0="
    },
    "http": {
      "version": "0.0.0",
      "resolved": "https://registry.npmjs.org/http/-/http-0.0.0.tgz",
      "integrity": "sha1-huYybSnF0Dnen6xYSkVon5KfT3I="
    },
    "http-errors": {
      "version": "1.6.2",
      "resolved": "https://registry.npmjs.org/http-errors/-/http-errors-1.6.2.tgz",
      "integrity": "sha1-CgAsyFcHGSp+eUbO7cERVfYOxzY=",
      "requires": {
        "depd": "1.1.1",
        "inherits": "2.0.3",
        "setprototypeof": "1.0.3",
        "statuses": "1.3.1"
      },
      "dependencies": {
        "setprototypeof": {
          "version": "1.0.3",
          "resolved": "https://registry.npmjs.org/setprototypeof/-/setprototypeof-1.0.3.tgz",
          "integrity": "sha1-ZlZ+NwQ+608E2RvWWMDL77VbjgQ="
        }
      }
    },
    "iconv-lite": {
      "version": "0.4.19",
      "resolved": "https://registry.npmjs.org/iconv-lite/-/iconv-lite-0.4.19.tgz",
      "integrity": "sha512-oTZqweIP51xaGPI4uPa56/Pri/480R+mo7SeU+YETByQNhDG55ycFyNLIgta9vXhILrxXDmF7ZGhqZIcuN0gJQ=="
    },
    "inherits": {
      "version": "2.0.3",
      "resolved": "https://registry.npmjs.org/inherits/-/inherits-2.0.3.tgz",
      "integrity": "sha1-Yzwsg+PaQqUC9SRmAiSA9CCCYd4="
    },
    "ipaddr.js": {
      "version": "1.5.2",
      "resolved": "https://registry.npmjs.org/ipaddr.js/-/ipaddr.js-1.5.2.tgz",
      "integrity": "sha1-1LUFvemUaYfM8PxY2QEP+WB+P6A="
    },
    "isarray": {
      "version": "1.0.0",
      "resolved": "https://registry.npmjs.org/isarray/-/isarray-1.0.0.tgz",
      "integrity": "sha1-u5NdSFgsuhaMBoNJV6VKPgcSTxE="
    },
    "media-typer": {
      "version": "0.3.0",
      "resolved": "https://registry.npmjs.org/media-typer/-/media-typer-0.3.0.tgz",
      "integrity": "sha1-hxDXrwqmJvj/+hzgAWhUUmMlV0g="
    },
    "merge-descriptors": {
      "version": "1.0.1",
      "resolved": "https://registry.npmjs.org/merge-descriptors/-/merge-descriptors-1.0.1.tgz",
      "integrity": "sha1-sAqqVW3YtEVoFQ7J0blT8/kMu2E="
    },
    "methods": {
      "version": "1.1.2",
      "resolved": "https://registry.npmjs.org/methods/-/methods-1.1.2.tgz",
      "integrity": "sha1-VSmk1nZUE07cxSZmVoNbD4Ua/O4="
    },
    "mime": {
      "version": "1.4.1",
      "resolved": "https://registry.npmjs.org/mime/-/mime-1.4.1.tgz",
      "integrity": "sha512-KI1+qOZu5DcW6wayYHSzR/tXKCDC5Om4s1z2QJjDULzLcmf3DvzS7oluY4HCTrc+9FiKmWUgeNLg7W3uIQvxtQ=="
    },
    "mime-db": {
      "version": "1.30.0",
      "resolved": "https://registry.npmjs.org/mime-db/-/mime-db-1.30.0.tgz",
      "integrity": "sha1-dMZD2i3Z1qRTmZY0ZbJtXKfXHwE="
    },
    "mime-types": {
      "version": "2.1.17",
      "resolved": "https://registry.npmjs.org/mime-types/-/mime-types-2.1.17.tgz",
      "integrity": "sha1-Cdejk/A+mVp5+K+Fe3Cp4KsWVXo=",
      "requires": {
        "mime-db": "1.30.0"
      }
    },
    "morgan": {
      "version": "1.9.0",
      "resolved": "https://registry.npmjs.org/morgan/-/morgan-1.9.0.tgz",
      "integrity": "sha1-0B+mxlhZt2/PMbPLU6OCGjEdgFE=",
      "requires": {
        "basic-auth": "2.0.0",
        "debug": "2.6.9",
        "depd": "1.1.1",
        "on-finished": "2.3.0",
        "on-headers": "1.0.1"
      }
    },
    "ms": {
      "version": "2.0.0",
      "resolved": "https://registry.npmjs.org/ms/-/ms-2.0.0.tgz",
      "integrity": "sha1-VgiurfwAvmwpAd9fmGF4jeDVl8g="
    },
    "mysql": {
      "version": "2.15.0",
      "resolved": "https://registry.npmjs.org/mysql/-/mysql-2.15.0.tgz",
      "integrity": "sha512-C7tjzWtbN5nzkLIV+E8Crnl9bFyc7d3XJcBAvHKEVkjrYjogz3llo22q6s/hw+UcsE4/844pDob9ac+3dVjQSA==",
      "requires": {
        "bignumber.js": "4.0.4",
        "readable-stream": "2.3.3",
        "safe-buffer": "5.1.1",
        "sqlstring": "2.3.0"
      }
    },
    "negotiator": {
      "version": "0.6.1",
      "resolved": "https://registry.npmjs.org/negotiator/-/negotiator-0.6.1.tgz",
      "integrity": "sha1-KzJxhOiZIQEXeyhWP7XnECrNDKk="
    },
    "nodemailer": {
      "version": "4.4.1",
      "resolved": "https://registry.npmjs.org/nodemailer/-/nodemailer-4.4.1.tgz",
      "integrity": "sha512-1bnszJJXatcHJhLpxQ1XMkLDjCjPKvGKMtRQ73FOsoNln3UQjddEQmz6fAwM3aj0GtQ3dQX9qtMHPelz63GU7A=="
    },
    "object-assign": {
      "version": "4.1.1",
      "resolved": "https://registry.npmjs.org/object-assign/-/object-assign-4.1.1.tgz",
      "integrity": "sha1-IQmtx5ZYh8/AXLvUQsrIv7s2CGM="
    },
    "octicons": {
      "version": "7.1.0",
      "resolved": "https://registry.npmjs.org/octicons/-/octicons-7.1.0.tgz",
      "integrity": "sha512-JI9MystfVipyfovRAzK6kC6SV8VoRQsc860XAejt574WtSW3Gcve+1vguAPVYiiLAqN4JiT0QR1+Lduzve5CnQ==",
      "requires": {
        "object-assign": "4.1.1"
      }
    },
    "on-finished": {
      "version": "2.3.0",
      "resolved": "https://registry.npmjs.org/on-finished/-/on-finished-2.3.0.tgz",
      "integrity": "sha1-IPEzZIGwg811M3mSoWlxqi2QaUc=",
      "requires": {
        "ee-first": "1.1.1"
      }
    },
    "on-headers": {
      "version": "1.0.1",
      "resolved": "https://registry.npmjs.org/on-headers/-/on-headers-1.0.1.tgz",
      "integrity": "sha1-ko9dD0cNSTQmUepnlLCFfBAGk/c="
    },
    "parseurl": {
      "version": "1.3.2",
      "resolved": "https://registry.npmjs.org/parseurl/-/parseurl-1.3.2.tgz",
      "integrity": "sha1-/CidTtiZMRlGDBViUyYs3I3mW/M="
    },
    "path": {
      "version": "0.12.7",
      "resolved": "https://registry.npmjs.org/path/-/path-0.12.7.tgz",
      "integrity": "sha1-1NwqUGxM4hl+tIHr/NWzbAFAsQ8=",
      "requires": {
        "process": "0.11.10",
        "util": "0.10.3"
      }
    },
    "path-to-regexp": {
      "version": "0.1.7",
      "resolved": "https://registry.npmjs.org/path-to-regexp/-/path-to-regexp-0.1.7.tgz",
      "integrity": "sha1-32BBeABfUi8V60SQ5yR6G/qmf4w="
    },
    "primer-alerts": {
      "version": "1.5.1",
      "resolved": "https://registry.npmjs.org/primer-alerts/-/primer-alerts-1.5.1.tgz",
      "integrity": "sha512-2dyRO6ZgZF9ZR67gg+viCtsYV9CG+z6UARW8DAf4CEDkeiR4K46R6kKSC/WveEv8LPJ0MF+L4IXjqvn5kqK7zA==",
      "requires": {
        "primer-support": "4.4.1"
      }
    },
    "primer-avatars": {
      "version": "1.4.1",
      "resolved": "https://registry.npmjs.org/primer-avatars/-/primer-avatars-1.4.1.tgz",
      "integrity": "sha512-kd+GPMZqdXZ+N07CYeCWmRHCHUCeeCFNWldbgCg07NRfU+Ne9n01CLR/DcNuG27oP5A30ubvHnoEofvkgG3ynw==",
      "requires": {
        "primer-support": "4.4.1"
      }
    },
    "primer-base": {
      "version": "1.5.1",
      "resolved": "https://registry.npmjs.org/primer-base/-/primer-base-1.5.1.tgz",
      "integrity": "sha512-7tv0/V5sSRucp65NQXEyC8E2GP9EumLSKFDrjbl0liZTwSve8HUm7TmzgDXkO5pWd0VSfc7+5G1qrrdsGNmkPQ==",
      "requires": {
        "primer-support": "4.4.1"
      }
    },
    "primer-blankslate": {
      "version": "1.4.1",
      "resolved": "https://registry.npmjs.org/primer-blankslate/-/primer-blankslate-1.4.1.tgz",
      "integrity": "sha512-osgVtGY6UikfK1vuoBWijxT1C+SsD8RQxvYS8RFMDh6bReEf45//3n0NJVksRT8GdGUS8atRnrsWzRCtDcEwAg==",
      "requires": {
        "primer-support": "4.4.1"
      }
    },
    "primer-box": {
      "version": "2.5.1",
      "resolved": "https://registry.npmjs.org/primer-box/-/primer-box-2.5.1.tgz",
      "integrity": "sha512-jfJjDLQlaM9e5pyzcJHALEb3Gml5uEoDDAoWKiKwvxEhl6da+5DB+HGbEt3/KUqt9B3e9Omy6IBvvRfgnqae7A==",
      "requires": {
        "primer-support": "4.4.1"
      }
    },
    "primer-breadcrumb": {
      "version": "1.4.1",
      "resolved": "https://registry.npmjs.org/primer-breadcrumb/-/primer-breadcrumb-1.4.1.tgz",
      "integrity": "sha512-cmDjIXSXClLQcrWDeJkZJWXkacfCluZU23mfsVM8K0oZyhiHZjbleOdsbwGXMKpFSEJ61wi4zvF9ZMkx1s8EdA==",
      "requires": {
        "primer-marketing-support": "1.3.1",
        "primer-support": "4.4.1"
      }
    },
    "primer-buttons": {
      "version": "2.4.1",
      "resolved": "https://registry.npmjs.org/primer-buttons/-/primer-buttons-2.4.1.tgz",
      "integrity": "sha512-wOb0FMkRI/sWntorY9KXzY/OVxT5P/V+xlotbEC3+SPfzTLG+vJCs5rsamMu7S4TzhOx675/DTSpMo83iY4h3w==",
      "requires": {
        "primer-support": "4.4.1"
      }
    },
    "primer-cards": {
      "version": "0.5.1",
      "resolved": "https://registry.npmjs.org/primer-cards/-/primer-cards-0.5.1.tgz",
      "integrity": "sha512-iXqvCgL311UBoRbC/ioFYSUunFnS8rUGkyALtN3/qAw3LoeyE1vjcooV0f1ja/xOblH0vGa32HjEKo2sBTwQ7g==",
      "requires": {
        "primer-marketing-support": "1.3.1",
        "primer-support": "4.4.1"
      }
    },
    "primer-core": {
      "version": "6.4.1",
      "resolved": "https://registry.npmjs.org/primer-core/-/primer-core-6.4.1.tgz",
      "integrity": "sha512-IxOLJ3BGLLFhDQ329zGgBMLaflqTn/WKAbRhl3XGIVh2vyRLBr8XPhzTfWfeFKt9WQ3ljzZkwip1GsMX9qqb1Q==",
      "requires": {
        "primer-base": "1.5.1",
        "primer-box": "2.5.1",
        "primer-buttons": "2.4.1",
        "primer-forms": "1.4.1",
        "primer-layout": "1.4.1",
        "primer-navigation": "1.4.1",
        "primer-support": "4.4.1",
        "primer-table-object": "1.4.1",
        "primer-tooltips": "1.4.1",
        "primer-truncate": "1.4.1",
        "primer-utilities": "4.8.1"
      }
    },
    "primer-css": {
      "version": "9.6.0",
      "resolved": "https://registry.npmjs.org/primer-css/-/primer-css-9.6.0.tgz",
      "integrity": "sha512-qzTck5gvQevHvI3sUgP0D2QzLdmAqwd9h1rucMObOIbp8xQcM8zZGFNo71FBu7TxNu4A00McNvnadSNOgmnJnA==",
      "requires": {
        "primer-alerts": "1.5.1",
        "primer-avatars": "1.4.1",
        "primer-base": "1.5.1",
        "primer-blankslate": "1.4.1",
        "primer-box": "2.5.1",
        "primer-breadcrumb": "1.4.1",
        "primer-buttons": "2.4.1",
        "primer-cards": "0.5.1",
        "primer-core": "6.4.1",
        "primer-forms": "1.4.1",
        "primer-labels": "1.5.1",
        "primer-layout": "1.4.1",
        "primer-markdown": "3.7.1",
        "primer-marketing": "5.4.1",
        "primer-marketing-support": "1.3.1",
        "primer-marketing-type": "1.4.1",
        "primer-marketing-utilities": "1.4.1",
        "primer-navigation": "1.4.1",
        "primer-page-headers": "1.4.1",
        "primer-page-sections": "1.4.1",
        "primer-product": "5.4.1",
        "primer-support": "4.4.1",
        "primer-table-object": "1.4.1",
        "primer-tables": "1.4.1",
        "primer-tooltips": "1.4.1",
        "primer-truncate": "1.4.1",
        "primer-utilities": "4.8.1"
      }
    },
    "primer-forms": {
      "version": "1.4.1",
      "resolved": "https://registry.npmjs.org/primer-forms/-/primer-forms-1.4.1.tgz",
      "integrity": "sha512-wr7Ieoyy9iHPtR1zEaWEwPRA3PHo1eaOj3Q4VhYOBRv3rk+H3/Z49hey7PLyocPnvbF1GdG2s5/VkZUdgBEuqg==",
      "requires": {
        "primer-support": "4.4.1"
      }
    },
    "primer-labels": {
      "version": "1.5.1",
      "resolved": "https://registry.npmjs.org/primer-labels/-/primer-labels-1.5.1.tgz",
      "integrity": "sha512-dsX98awj7UYKvhed+j47ChldBX9sV5OSO3MhhVAHon7Kj5kxPCLFkTw/YlOxOHFX2VlbP/5jMM5W46xnSERy1g==",
      "requires": {
        "primer-support": "4.4.1"
      }
    },
    "primer-layout": {
      "version": "1.4.1",
      "resolved": "https://registry.npmjs.org/primer-layout/-/primer-layout-1.4.1.tgz",
      "integrity": "sha512-x4u8twf8XGFL3mKplh0XM7jUjTL9Is/97BmlehZMQE+740G/gywPo2CpOV2GMCxWzmhQVJhib8At1+UvN+qvZQ==",
      "requires": {
        "primer-support": "4.4.1"
      }
    },
    "primer-markdown": {
      "version": "3.7.1",
      "resolved": "https://registry.npmjs.org/primer-markdown/-/primer-markdown-3.7.1.tgz",
      "integrity": "sha512-62I7tZaCCnOgjc2yE1cuu4WTwbym/eNIpEMB0CSWvFf8ZiTVKC5dNpFIwT1ipE35IjgOVopdHdqdPzMXoxKNAg==",
      "requires": {
        "primer-support": "4.4.1"
      }
    },
    "primer-marketing": {
      "version": "5.4.1",
      "resolved": "https://registry.npmjs.org/primer-marketing/-/primer-marketing-5.4.1.tgz",
      "integrity": "sha512-ccadKuKA4kQDTaopHsj+lOujdxa8d14Ff8fq5HLvHlrpgKvdVwuKtIwNL2ryuas1FVeTddxa3lBnlAcuVTwWIQ==",
      "requires": {
        "primer-breadcrumb": "1.4.1",
        "primer-cards": "0.5.1",
        "primer-marketing-support": "1.3.1",
        "primer-marketing-type": "1.4.1",
        "primer-marketing-utilities": "1.4.1",
        "primer-page-headers": "1.4.1",
        "primer-page-sections": "1.4.1",
        "primer-support": "4.4.1",
        "primer-tables": "1.4.1"
      }
    },
    "primer-marketing-support": {
      "version": "1.3.1",
      "resolved": "https://registry.npmjs.org/primer-marketing-support/-/primer-marketing-support-1.3.1.tgz",
      "integrity": "sha512-GDwQ4TdZNS4p6UbSMxv7j7DlgegEDU43k2QKFJZ9EAtBN/rOKkf9gBa31yEiJQvgG7wZ84CvioObYtw885TL7g=="
    },
    "primer-marketing-type": {
      "version": "1.4.1",
      "resolved": "https://registry.npmjs.org/primer-marketing-type/-/primer-marketing-type-1.4.1.tgz",
      "integrity": "sha512-cJGHvDkCy1bYiM2EDOwc+k7Y61DfvOIWambU5WmsGq7fUI92MRWqpyWZpYVOFEWqItRjLnxPv4myJCm0itKIRQ==",
      "requires": {
        "primer-marketing-support": "1.3.1",
        "primer-support": "4.4.1"
      }
    },
    "primer-marketing-utilities": {
      "version": "1.4.1",
      "resolved": "https://registry.npmjs.org/primer-marketing-utilities/-/primer-marketing-utilities-1.4.1.tgz",
      "integrity": "sha512-dbic/+lYITBnZKujg6s3GF0Mo3jhuiq1ps0a3negkBsxKsNyU68hoYEl2bN6UI5L2BX9GyzCLd58N1jyjV4uCw==",
      "requires": {
        "primer-marketing-support": "1.3.1",
        "primer-support": "4.4.1"
      }
    },
    "primer-navigation": {
      "version": "1.4.1",
      "resolved": "https://registry.npmjs.org/primer-navigation/-/primer-navigation-1.4.1.tgz",
      "integrity": "sha512-fMVrR8l/JtTXLzwf+8nHeBvoIQKysfbMLbU3VArSMaQp1/IwRS9eT4NijdpGoIeh2tmxD4nA+BM/dWHfjMucAw==",
      "requires": {
        "primer-support": "4.4.1"
      }
    },
    "primer-page-headers": {
      "version": "1.4.1",
      "resolved": "https://registry.npmjs.org/primer-page-headers/-/primer-page-headers-1.4.1.tgz",
      "integrity": "sha512-kmSi4Sys2dqt74sO1b5LcJq/EAnLe9p8t6oAs4PfkwgYXAdJPwHyTfe2+fueHYgqi07AlK3bnr1gw9rFen475Q==",
      "requires": {
        "primer-marketing-support": "1.3.1",
        "primer-support": "4.4.1"
      }
    },
    "primer-page-sections": {
      "version": "1.4.1",
      "resolved": "https://registry.npmjs.org/primer-page-sections/-/primer-page-sections-1.4.1.tgz",
      "integrity": "sha512-WR5abovsjAKlbZjn4q7+eLCEA3gnwh/tuZDJnZ3l2V5O+IpHYVXI5Boi6QxbQM3mbHOL19NJhQEyfcHXBe7AQw==",
      "requires": {
        "primer-marketing-support": "1.3.1",
        "primer-support": "4.4.1"
      }
    },
    "primer-product": {
      "version": "5.4.1",
      "resolved": "https://registry.npmjs.org/primer-product/-/primer-product-5.4.1.tgz",
      "integrity": "sha512-W1sVne7TPc2FF+c8GHqWnWtQQOzkr7R6mT1wwafwsY8GiCCkUxOtn0JPORrHzx67FV1GSWVMJ49F7pQPcl1Zcw==",
      "requires": {
        "primer-alerts": "1.5.1",
        "primer-avatars": "1.4.1",
        "primer-blankslate": "1.4.1",
        "primer-labels": "1.5.1",
        "primer-markdown": "3.7.1",
        "primer-support": "4.4.1"
      }
    },
    "primer-support": {
      "version": "4.4.1",
      "resolved": "https://registry.npmjs.org/primer-support/-/primer-support-4.4.1.tgz",
      "integrity": "sha512-stQEoF4NfWy8JOVASUHxGY+Ot1eBguPH8rWoeLQy16zKzcS16kRccfvGbBXyv0G/aA+DdL8ZmjlXB2ubJ+wBJg=="
    },
    "primer-table-object": {
      "version": "1.4.1",
      "resolved": "https://registry.npmjs.org/primer-table-object/-/primer-table-object-1.4.1.tgz",
      "integrity": "sha512-OkE3knDjLlzSot0/Q9O/b5GuKWTaxFyB/2CcZttA3WizAkxlkV4ql/Xy8mFr6WxBQORkBrrbxWUZC+Ulj88ZIQ==",
      "requires": {
        "primer-support": "4.4.1"
      }
    },
    "primer-tables": {
      "version": "1.4.1",
      "resolved": "https://registry.npmjs.org/primer-tables/-/primer-tables-1.4.1.tgz",
      "integrity": "sha512-Dk9ttoxIDigcJQ0vhh3VDkOL+/spGdEJacRFvNsysS4IbDOUDilXLZFcUZB2wCbhXFHS/CObk+/3zoW39J/6tg==",
      "requires": {
        "primer-marketing-support": "1.3.1",
        "primer-support": "4.4.1"
      }
    },
    "primer-tooltips": {
      "version": "1.4.1",
      "resolved": "https://registry.npmjs.org/primer-tooltips/-/primer-tooltips-1.4.1.tgz",
      "integrity": "sha512-Id0g033elSx7Sy7+HDzha4Tuv24QxPzVtT15IHSOXXa900NjZqR1HHQIyMd1EkVfPt2sZ3Z0/k0cTvdqXs6eJQ==",
      "requires": {
        "primer-support": "4.4.1"
      }
    },
    "primer-truncate": {
      "version": "1.4.1",
      "resolved": "https://registry.npmjs.org/primer-truncate/-/primer-truncate-1.4.1.tgz",
      "integrity": "sha512-spBAPx7944txGXLCNGv+WZnPG4MiMhqn3srKlpGL2nmfcLxI+geviD+GhY/b42GyCgxRhcucrt/jxKYfsaBdww==",
      "requires": {
        "primer-support": "4.4.1"
      }
    },
    "primer-utilities": {
      "version": "4.8.1",
      "resolved": "https://registry.npmjs.org/primer-utilities/-/primer-utilities-4.8.1.tgz",
      "integrity": "sha512-3wu8GUsJVVa0IIUdIKP+ZVSFPmX8v2NQWjBSJK00GbSPwthztOnFEoE40Ru7wAuUDNXWu9zMnx2i0lcyDu+yBg==",
      "requires": {
        "primer-support": "4.4.1"
      }
    },
    "process": {
      "version": "0.11.10",
      "resolved": "https://registry.npmjs.org/process/-/process-0.11.10.tgz",
      "integrity": "sha1-czIwDoQBYb2j5podHZGn1LwW8YI="
    },
    "process-nextick-args": {
      "version": "1.0.7",
      "resolved": "https://registry.npmjs.org/process-nextick-args/-/process-nextick-args-1.0.7.tgz",
      "integrity": "sha1-FQ4gt1ZZCtP5EJPyWk8q2L/zC6M="
    },
    "proxy-addr": {
      "version": "2.0.2",
      "resolved": "https://registry.npmjs.org/proxy-addr/-/proxy-addr-2.0.2.tgz",
      "integrity": "sha1-ZXFQT0e7mI7IGAJT+F3X4UlSvew=",
      "requires": {
        "forwarded": "0.1.2",
        "ipaddr.js": "1.5.2"
      }
    },
    "qs": {
      "version": "6.5.1",
      "resolved": "https://registry.npmjs.org/qs/-/qs-6.5.1.tgz",
      "integrity": "sha512-eRzhrN1WSINYCDCbrz796z37LOe3m5tmW7RQf6oBntukAG1nmovJvhnwHHRMAfeoItc1m2Hk02WER2aQ/iqs+A=="
    },
    "random-bytes": {
      "version": "1.0.0",
      "resolved": "https://registry.npmjs.org/random-bytes/-/random-bytes-1.0.0.tgz",
      "integrity": "sha1-T2ih3Arli9P7lYSMMDJNt11kNgs="
    },
    "range-parser": {
      "version": "1.2.0",
      "resolved": "https://registry.npmjs.org/range-parser/-/range-parser-1.2.0.tgz",
      "integrity": "sha1-9JvmtIeJTdxA3MlKMi9hEJLgDV4="
    },
    "raw-body": {
      "version": "2.3.2",
      "resolved": "https://registry.npmjs.org/raw-body/-/raw-body-2.3.2.tgz",
      "integrity": "sha1-vNYMd9Prk83gBQKVw/N5OJvIj4k=",
      "requires": {
        "bytes": "3.0.0",
        "http-errors": "1.6.2",
        "iconv-lite": "0.4.19",
        "unpipe": "1.0.0"
      }
    },
    "readable-stream": {
      "version": "2.3.3",
      "resolved": "https://registry.npmjs.org/readable-stream/-/readable-stream-2.3.3.tgz",
      "integrity": "sha512-m+qzzcn7KUxEmd1gMbchF+Y2eIUbieUaxkWtptyHywrX0rE8QEYqPC07Vuy4Wm32/xE16NcdBctb8S0Xe/5IeQ==",
      "requires": {
        "core-util-is": "1.0.2",
        "inherits": "2.0.3",
        "isarray": "1.0.0",
        "process-nextick-args": "1.0.7",
        "safe-buffer": "5.1.1",
        "string_decoder": "1.0.3",
        "util-deprecate": "1.0.2"
      }
    },
    "safe-buffer": {
      "version": "5.1.1",
      "resolved": "https://registry.npmjs.org/safe-buffer/-/safe-buffer-5.1.1.tgz",
      "integrity": "sha512-kKvNJn6Mm93gAczWVJg7wH+wGYWNrDHdWvpUmHyEsgCtIwwo3bqPtV4tR5tuPaUhTOo/kvhVwd8XwwOllGYkbg=="
    },
    "send": {
      "version": "0.16.1",
      "resolved": "https://registry.npmjs.org/send/-/send-0.16.1.tgz",
      "integrity": "sha512-ElCLJdJIKPk6ux/Hocwhk7NFHpI3pVm/IZOYWqUmoxcgeyM+MpxHHKhb8QmlJDX1pU6WrgaHBkVNm73Sv7uc2A==",
      "requires": {
        "debug": "2.6.9",
        "depd": "1.1.1",
        "destroy": "1.0.4",
        "encodeurl": "1.0.1",
        "escape-html": "1.0.3",
        "etag": "1.8.1",
        "fresh": "0.5.2",
        "http-errors": "1.6.2",
        "mime": "1.4.1",
        "ms": "2.0.0",
        "on-finished": "2.3.0",
        "range-parser": "1.2.0",
        "statuses": "1.3.1"
      }
    },
    "serve-static": {
      "version": "1.13.1",
      "resolved": "https://registry.npmjs.org/serve-static/-/serve-static-1.13.1.tgz",
      "integrity": "sha512-hSMUZrsPa/I09VYFJwa627JJkNs0NrfL1Uzuup+GqHfToR2KcsXFymXSV90hoyw3M+msjFuQly+YzIH/q0MGlQ==",
      "requires": {
        "encodeurl": "1.0.1",
        "escape-html": "1.0.3",
        "parseurl": "1.3.2",
        "send": "0.16.1"
      }
    },
    "setprototypeof": {
      "version": "1.1.0",
      "resolved": "https://registry.npmjs.org/setprototypeof/-/setprototypeof-1.1.0.tgz",
      "integrity": "sha512-BvE/TwpZX4FXExxOxZyRGQQv651MSwmWKZGqvmPcRIjDqWub67kTKuIMx43cZZrS/cBBzwBcNDWoFxt2XEFIpQ=="
    },
    "sqlstring": {
      "version": "2.3.0",
      "resolved": "https://registry.npmjs.org/sqlstring/-/sqlstring-2.3.0.tgz",
      "integrity": "sha1-UluKT9Jtb3GqYegipsr5dtMa0qg="
    },
    "statuses": {
      "version": "1.3.1",
      "resolved": "https://registry.npmjs.org/statuses/-/statuses-1.3.1.tgz",
      "integrity": "sha1-+vUbnrdKrvOzrPStX2Gr8ky3uT4="
    },
    "string_decoder": {
      "version": "1.0.3",
      "resolved": "https://registry.npmjs.org/string_decoder/-/string_decoder-1.0.3.tgz",
      "integrity": "sha512-4AH6Z5fzNNBcH+6XDMfA/BTt87skxqJlO0lAh3Dker5zThcAxG6mKz+iGu308UKoPPQ8Dcqx/4JhujzltRa+hQ==",
      "requires": {
        "safe-buffer": "5.1.1"
      }
    },
    "type-is": {
      "version": "1.6.15",
      "resolved": "https://registry.npmjs.org/type-is/-/type-is-1.6.15.tgz",
      "integrity": "sha1-yrEPtJCeRByChC6v4a1kbIGARBA=",
      "requires": {
        "media-typer": "0.3.0",
        "mime-types": "2.1.17"
      }
    },
    "uid-safe": {
      "version": "2.1.5",
      "resolved": "https://registry.npmjs.org/uid-safe/-/uid-safe-2.1.5.tgz",
      "integrity": "sha512-KPHm4VL5dDXKz01UuEd88Df+KzynaohSL9fBh096KWAxSKZQDI2uBrVqtvRM4rwrIrRRKsdLNML/lnaaVSRioA==",
      "requires": {
        "random-bytes": "1.0.0"
      }
    },
    "unpipe": {
      "version": "1.0.0",
      "resolved": "https://registry.npmjs.org/unpipe/-/unpipe-1.0.0.tgz",
      "integrity": "sha1-sr9O6FFKrmFltIF4KdIbLvSZBOw="
    },
    "util": {
      "version": "0.10.3",
      "resolved": "https://registry.npmjs.org/util/-/util-0.10.3.tgz",
      "integrity": "sha1-evsa/lCAUkZInj23/g7TeTNqwPk=",
      "requires": {
        "inherits": "2.0.1"
      },
      "dependencies": {
        "inherits": {
          "version": "2.0.1",
          "resolved": "https://registry.npmjs.org/inherits/-/inherits-2.0.1.tgz",
          "integrity": "sha1-sX0I0ya0Qj5Wjv9xn5GwscvfafE="
        }
      }
    },
    "util-deprecate": {
      "version": "1.0.2",
      "resolved": "https://registry.npmjs.org/util-deprecate/-/util-deprecate-1.0.2.tgz",
      "integrity": "sha1-RQ1Nyfpw3nMnYvvS1KKJgUGaDM8="
    },
    "utils-merge": {
      "version": "1.0.1",
      "resolved": "https://registry.npmjs.org/utils-merge/-/utils-merge-1.0.1.tgz",
      "integrity": "sha1-n5VxD1CiZ5R7LMwSR0HBAoQn5xM="
    },
    "vary": {
      "version": "1.1.2",
      "resolved": "https://registry.npmjs.org/vary/-/vary-1.1.2.tgz",
      "integrity": "sha1-IpnwLG3tMNSllhsLn3RSShj2NPw="
    }
  }
}
